Terraform used the selected providers to generate the following execution plan. Resource actions are indicated with the following symbols:
  + create

Terraform will perform the following actions:

  # aws_eip.tf_eip will be created
  + resource "aws_eip" "tf_eip" {
      + allocation_id        = (known after apply)
      + arn                  = (known after apply)
      + association_id       = (known after apply)
      + carrier_ip           = (known after apply)
      + customer_owned_ip    = (known after apply)
      + domain               = "vpc"
      + id                   = (known after apply)
      + instance             = (known after apply)
      + ipam_pool_id         = (known after apply)
      + network_border_group = (known after apply)
      + network_interface    = (known after apply)
      + private_dns          = (known after apply)
      + private_ip           = (known after apply)
      + ptr_record           = (known after apply)
      + public_dns           = (known after apply)
      + public_ip            = (known after apply)
      + public_ipv4_pool     = (known after apply)
      + tags                 = {
          + "Name" = "tf_eip"
        }
      + tags_all             = {
          + "Name" = "tf_eip"
        }
      + vpc                  = (known after apply)
    }

  # aws_internet_gateway.tf_igw will be created
  + resource "aws_internet_gateway" "tf_igw" {
      + arn      = (known after apply)
      + id       = (known after apply)
      + owner_id = (known after apply)
      + tags     = {
          + "Name" = "tf_igw"
        }
      + tags_all = {
          + "Name" = "tf_igw"
        }
      + vpc_id   = (known after apply)
    }

  # aws_nat_gateway.tf_nat will be created
  + resource "aws_nat_gateway" "tf_nat" {
      + allocation_id                      = (known after apply)
      + association_id                     = (known after apply)
      + connectivity_type                  = "public"
      + id                                 = (known after apply)
      + network_interface_id               = (known after apply)
      + private_ip                         = (known after apply)
      + public_ip                          = (known after apply)
      + secondary_private_ip_address_count = (known after apply)
      + secondary_private_ip_addresses     = (known after apply)
      + subnet_id                          = (known after apply)
      + tags                               = {
          + "Name" = "tf_nat"
        }
      + tags_all                           = {
          + "Name" = "tf_nat"
        }
    }

  # aws_route.tf_pri_route_nat will be created
  + resource "aws_route" "tf_pri_route_nat" {
      + destination_cidr_block = "0.0.0.0/0"
      + id                     = (known after apply)
      + instance_id            = (known after apply)
      + instance_owner_id      = (known after apply)
      + nat_gateway_id         = (known after apply)
      + network_interface_id   = (known after apply)
      + origin                 = (known after apply)
      + route_table_id         = (known after apply)
      + state                  = (known after apply)
    }

  # aws_route.tf_pub_route_igw will be created
  + resource "aws_route" "tf_pub_route_igw" {
      + destination_cidr_block = "0.0.0.0/0"
      + gateway_id             = (known after apply)
      + id                     = (known after apply)
      + instance_id            = (known after apply)
      + instance_owner_id      = (known after apply)
      + network_interface_id   = (known after apply)
      + origin                 = (known after apply)
      + route_table_id         = (known after apply)
      + state                  = (known after apply)
    }

  # aws_route_table.tf_pri_rtb will be created
  + resource "aws_route_table" "tf_pri_rtb" {
      + arn              = (known after apply)
      + id               = (known after apply)
      + owner_id         = (known after apply)
      + propagating_vgws = (known after apply)
      + route            = (known after apply)
      + tags             = {
          + "Name" = "tf_pri_rt"
        }
      + tags_all         = {
          + "Name" = "tf_pri_rt"
        }
      + vpc_id           = (known after apply)
    }

  # aws_route_table.tf_pub_rtb will be created
  + resource "aws_route_table" "tf_pub_rtb" {
      + arn              = (known after apply)
      + id               = (known after apply)
      + owner_id         = (known after apply)
      + propagating_vgws = (known after apply)
      + route            = (known after apply)
      + tags             = {
          + "Name" = "tf_pub_rtb"
        }
      + tags_all         = {
          + "Name" = "tf_pub_rtb"
        }
      + vpc_id           = (known after apply)
    }

  # aws_route_table_association.tf_pri_sub_1_association will be created
  + resource "aws_route_table_association" "tf_pri_sub_1_association" {
      + id             = (known after apply)
      + route_table_id = (known after apply)
      + subnet_id      = (known after apply)
    }

  # aws_route_table_association.tf_pri_sub_2_association will be created
  + resource "aws_route_table_association" "tf_pri_sub_2_association" {
      + id             = (known after apply)
      + route_table_id = (known after apply)
      + subnet_id      = (known after apply)
    }

  # aws_route_table_association.tf_pub_sub_1_association will be created
  + resource "aws_route_table_association" "tf_pub_sub_1_association" {
      + id             = (known after apply)
      + route_table_id = (known after apply)
      + subnet_id      = (known after apply)
    }

  # aws_route_table_association.tf_pub_sub_2_association will be created
  + resource "aws_route_table_association" "tf_pub_sub_2_association" {
      + id             = (known after apply)
      + route_table_id = (known after apply)
      + subnet_id      = (known after apply)
    }

  # aws_route_table_association.tf_rds_sub_1_association will be created
  + resource "aws_route_table_association" "tf_rds_sub_1_association" {
      + id             = (known after apply)
      + route_table_id = (known after apply)
      + subnet_id      = (known after apply)
    }

  # aws_route_table_association.tf_rds_sub_2_association will be created
  + resource "aws_route_table_association" "tf_rds_sub_2_association" {
      + id             = (known after apply)
      + route_table_id = (known after apply)
      + subnet_id      = (known after apply)
    }

  # aws_subnet.tf_pri_sub_1 will be created
  + resource "aws_subnet" "tf_pri_sub_1" {
      + arn                                            = (known after apply)
      + assign_ipv6_address_on_creation                = false
      + availability_zone                              = "ap-northeast-2a"
      + availability_zone_id                           = (known after apply)
      + cidr_block                                     = "10.0.3.0/24"
      + enable_dns64                                   = false
      + enable_resource_name_dns_a_record_on_launch    = false
      + enable_resource_name_dns_aaaa_record_on_launch = false
      + id                                             = (known after apply)
      + ipv6_cidr_block_association_id                 = (known after apply)
      + ipv6_native                                    = false
      + map_public_ip_on_launch                        = false
      + owner_id                                       = (known after apply)
      + private_dns_hostname_type_on_launch            = (known after apply)
      + tags                                           = {
          + "Name" = "tf_pri_sub_1"
        }
      + tags_all                                       = {
          + "Name" = "tf_pri_sub_1"
        }
      + vpc_id                                         = (known after apply)
    }

  # aws_subnet.tf_pri_sub_2 will be created
  + resource "aws_subnet" "tf_pri_sub_2" {
      + arn                                            = (known after apply)
      + assign_ipv6_address_on_creation                = false
      + availability_zone                              = "ap-northeast-2c"
      + availability_zone_id                           = (known after apply)
      + cidr_block                                     = "10.0.4.0/24"
      + enable_dns64                                   = false
      + enable_resource_name_dns_a_record_on_launch    = false
      + enable_resource_name_dns_aaaa_record_on_launch = false
      + id                                             = (known after apply)
      + ipv6_cidr_block_association_id                 = (known after apply)
      + ipv6_native                                    = false
      + map_public_ip_on_launch                        = false
      + owner_id                                       = (known after apply)
      + private_dns_hostname_type_on_launch            = (known after apply)
      + tags                                           = {
          + "Name" = "tf_pri_sub_2"
        }
      + tags_all                                       = {
          + "Name" = "tf_pri_sub_2"
        }
      + vpc_id                                         = (known after apply)
    }

  # aws_subnet.tf_pub_sub_1 will be created
  + resource "aws_subnet" "tf_pub_sub_1" {
      + arn                                            = (known after apply)
      + assign_ipv6_address_on_creation                = false
      + availability_zone                              = "ap-northeast-2a"
      + availability_zone_id                           = (known after apply)
      + cidr_block                                     = "10.0.1.0/24"
      + enable_dns64                                   = false
      + enable_resource_name_dns_a_record_on_launch    = false
      + enable_resource_name_dns_aaaa_record_on_launch = false
      + id                                             = (known after apply)
      + ipv6_cidr_block_association_id                 = (known after apply)
      + ipv6_native                                    = false
      + map_public_ip_on_launch                        = true
      + owner_id                                       = (known after apply)
      + private_dns_hostname_type_on_launch            = (known after apply)
      + tags                                           = {
          + "Name" = "tf_pub_sub_1"
        }
      + tags_all                                       = {
          + "Name" = "tf_pub_sub_1"
        }
      + vpc_id                                         = (known after apply)
    }

  # aws_subnet.tf_pub_sub_2 will be created
  + resource "aws_subnet" "tf_pub_sub_2" {
      + arn                                            = (known after apply)
      + assign_ipv6_address_on_creation                = false
      + availability_zone                              = "ap-northeast-2c"
      + availability_zone_id                           = (known after apply)
      + cidr_block                                     = "10.0.2.0/24"
      + enable_dns64                                   = false
      + enable_resource_name_dns_a_record_on_launch    = false
      + enable_resource_name_dns_aaaa_record_on_launch = false
      + id                                             = (known after apply)
      + ipv6_cidr_block_association_id                 = (known after apply)
      + ipv6_native                                    = false
      + map_public_ip_on_launch                        = true
      + owner_id                                       = (known after apply)
      + private_dns_hostname_type_on_launch            = (known after apply)
      + tags                                           = {
          + "Name" = "tf_pub_sub_2"
        }
      + tags_all                                       = {
          + "Name" = "tf_pub_sub_2"
        }
      + vpc_id                                         = (known after apply)
    }

  # aws_subnet.tf_rds_sub_1 will be created
  + resource "aws_subnet" "tf_rds_sub_1" {
      + arn                                            = (known after apply)
      + assign_ipv6_address_on_creation                = false
      + availability_zone                              = "ap-northeast-2a"
      + availability_zone_id                           = (known after apply)
      + cidr_block                                     = "10.0.5.0/24"
      + enable_dns64                                   = false
      + enable_resource_name_dns_a_record_on_launch    = false
      + enable_resource_name_dns_aaaa_record_on_launch = false
      + id                                             = (known after apply)
      + ipv6_cidr_block_association_id                 = (known after apply)
      + ipv6_native                                    = false
      + map_public_ip_on_launch                        = false
      + owner_id                                       = (known after apply)
      + private_dns_hostname_type_on_launch            = (known after apply)
      + tags                                           = {
          + "Name" = "tf_rds_sub_1"
        }
      + tags_all                                       = {
          + "Name" = "tf_rds_sub_1"
        }
      + vpc_id                                         = (known after apply)
    }

  # aws_subnet.tf_rds_sub_2 will be created
  + resource "aws_subnet" "tf_rds_sub_2" {
      + arn                                            = (known after apply)
      + assign_ipv6_address_on_creation                = false
      + availability_zone                              = "ap-northeast-2c"
      + availability_zone_id                           = (known after apply)
      + cidr_block                                     = "10.0.6.0/24"
      + enable_dns64                                   = false
      + enable_resource_name_dns_a_record_on_launch    = false
      + enable_resource_name_dns_aaaa_record_on_launch = false
      + id                                             = (known after apply)
      + ipv6_cidr_block_association_id                 = (known after apply)
      + ipv6_native                                    = false
      + map_public_ip_on_launch                        = false
      + owner_id                                       = (known after apply)
      + private_dns_hostname_type_on_launch            = (known after apply)
      + tags                                           = {
          + "Name" = "tf_rds_sub_2"
        }
      + tags_all                                       = {
          + "Name" = "tf_rds_sub_2"
        }
      + vpc_id                                         = (known after apply)
    }

  # aws_vpc.tf_vpc will be created
  + resource "aws_vpc" "tf_vpc" {
      + arn                                  = (known after apply)
      + cidr_block                           = "10.0.0.0/16"
      + default_network_acl_id               = (known after apply)
      + default_route_table_id               = (known after apply)
      + default_security_group_id            = (known after apply)
      + dhcp_options_id                      = (known after apply)
      + enable_dns_hostnames                 = (known after apply)
      + enable_dns_support                   = true
      + enable_network_address_usage_metrics = (known after apply)
      + id                                   = (known after apply)
      + instance_tenancy                     = "default"
      + ipv6_association_id                  = (known after apply)
      + ipv6_cidr_block                      = (known after apply)
      + ipv6_cidr_block_network_border_group = (known after apply)
      + main_route_table_id                  = (known after apply)
      + owner_id                             = (known after apply)
      + tags                                 = {
          + "Name" = "tf_vpc"
        }
      + tags_all                             = {
          + "Name" = "tf_vpc"
        }
    }

Plan: 20 to add, 0 to change, 0 to destroy.
