[terraform@ip-192-168-10-138 terraform-aws]$ terraform apply --auto-approve
module.eks_blueprints_addons.data.aws_region.current: Read complete after 0s [id=ap-northeast-2]
module.eks_blueprints_addons.module.cert_manager.data.aws_partition.current[0]: Read complete after 0s [id=aws]
module.eks_blueprints_addons.data.aws_iam_policy_document.karpenter_assume_role[0]: Read complete after 0s [id=106987850]
module.eks_blueprints_addons.data.aws_caller_identity.current: Read complete after 0s [id=<계정ID>]
module.eks_blueprints_addons.module.karpenter.data.aws_partition.current[0]: Read complete after 0s [id=aws]
module.eks_blueprints_addons.module.aws_load_balancer_controller.data.aws_caller_identity.current[0]: Read complete after 0s [id=<계정ID>]
module.eks_blueprints_addons.module.karpenter.data.aws_caller_identity.current[0]: Read complete after 0s [id=<계정ID>]
module.eks_blueprints_addons.data.aws_partition.current: Read complete after 0s [id=aws]
module.eks_blueprints_addons.module.cert_manager.data.aws_caller_identity.current[0]: Read complete after 0s [id=<계정ID>]
module.eks_blueprints_addons.module.aws_load_balancer_controller.data.aws_partition.current[0]: Read complete after 0s [id=aws]
module.eks_blueprints_addons.data.aws_iam_policy_document.cert_manager[0]: Read complete after 0s [id=3416383923]
module.eks_blueprints_addons.module.cert_manager.data.aws_iam_policy_document.this[0]: Read complete after 0s [id=3416383923]
module.eks_blueprints_addons.data.aws_iam_policy_document.aws_load_balancer_controller[0]: Read complete after 0s [id=1166930017]
module.eks_blueprints_addons.data.aws_eks_addon_version.this["coredns"]: Read complete after 0s [id=coredns]
module.eks_blueprints_addons.data.aws_eks_addon_version.this["aws-ebs-csi-driver"]: Read complete after 0s [id=aws-ebs-csi-driver]
module.eks_blueprints_addons.data.aws_eks_addon_version.this["kube-proxy"]: Read complete after 0s [id=kube-proxy]
module.eks_blueprints_addons.data.aws_eks_addon_version.this["vpc-cni"]: Read complete after 0s [id=vpc-cni]
module.eks_blueprints_addons.module.aws_load_balancer_controller.data.aws_iam_policy_document.this[0]: Read complete after 0s [id=1166930017]

Terraform used the selected providers to generate the following execution plan. Resource actions are indicated with the following symbols:
  + create
 <= read (data resources)

Terraform will perform the following actions:

  # aws_db_instance.tf_rds will be created
  + resource "aws_db_instance" "tf_rds" {
      + address                               = (known after apply)
      + allocated_storage                     = 20
      + apply_immediately                     = false
      + arn                                   = (known after apply)
      + auto_minor_version_upgrade            = true
      + availability_zone                     = (known after apply)
      + backup_retention_period               = (known after apply)
      + backup_target                         = (known after apply)
      + backup_window                         = (known after apply)
      + ca_cert_identifier                    = (known after apply)
      + character_set_name                    = (known after apply)
      + copy_tags_to_snapshot                 = false
      + db_name                               = "mydb"
      + db_subnet_group_name                  = "tf-rds-subnet-group"
      + dedicated_log_volume                  = false
      + delete_automated_backups              = true
      + domain_fqdn                           = (known after apply)
      + endpoint                              = (known after apply)
      + engine                                = "mysql"
      + engine_lifecycle_support              = (known after apply)
      + engine_version                        = "8.0"
      + engine_version_actual                 = (known after apply)
      + hosted_zone_id                        = (known after apply)
      + id                                    = (known after apply)
      + identifier                            = (known after apply)
      + identifier_prefix                     = (known after apply)
      + instance_class                        = "db.t3.micro"
      + iops                                  = (known after apply)
      + kms_key_id                            = (known after apply)
      + latest_restorable_time                = (known after apply)
      + license_model                         = (known after apply)
      + listener_endpoint                     = (known after apply)
      + maintenance_window                    = (known after apply)
      + manage_master_user_password           = true
      + master_user_secret                    = (known after apply)
      + master_user_secret_kms_key_id         = (known after apply)
      + monitoring_interval                   = 0
      + monitoring_role_arn                   = (known after apply)
      + multi_az                              = true
      + nchar_character_set_name              = (known after apply)
      + network_type                          = (known after apply)
      + option_group_name                     = (known after apply)
      + parameter_group_name                  = (known after apply)
      + performance_insights_enabled          = false
      + performance_insights_kms_key_id       = (known after apply)
      + performance_insights_retention_period = (known after apply)
      + port                                  = (known after apply)
      + publicly_accessible                   = false
      + replica_mode                          = (known after apply)
      + replicas                              = (known after apply)
      + resource_id                           = (known after apply)
      + skip_final_snapshot                   = true
      + snapshot_identifier                   = (known after apply)
      + status                                = (known after apply)
      + storage_throughput                    = (known after apply)
      + storage_type                          = "gp3"
      + tags                                  = {
          + "Name" = "tf_rds"
        }
      + tags_all                              = {
          + "Name" = "tf_rds"
        }
      + timezone                              = (known after apply)
      + username                              = "admin"
      + vpc_security_group_ids                = (known after apply)
    }

  # aws_db_subnet_group.tf_rds_subnet_group will be created
  + resource "aws_db_subnet_group" "tf_rds_subnet_group" {
      + arn                     = (known after apply)
      + description             = "Managed by Terraform"
      + id                      = (known after apply)
      + name                    = "tf-rds-subnet-group"
      + name_prefix             = (known after apply)
      + subnet_ids              = (known after apply)
      + supported_network_types = (known after apply)
      + tags                    = {
          + "Name" = "tf_rds_subnet_group"
        }
      + tags_all                = {
          + "Name" = "tf_rds_subnet_group"
        }
      + vpc_id                  = (known after apply)
    }

  # aws_eip.tf_eip will be created
  + resource "aws_eip" "tf_eip" {
      + allocation_id        = (known after apply)
      + arn                  = (known after apply)
      + association_id       = (known after apply)
      + carrier_ip           = (known after apply)
      + customer_owned_ip    = (known after apply)
      + domain               = "vpc"
      + id                   = (known after apply)
      + instance             = (known after apply)
      + ipam_pool_id         = (known after apply)
      + network_border_group = (known after apply)
      + network_interface    = (known after apply)
      + private_dns          = (known after apply)
      + private_ip           = (known after apply)
      + ptr_record           = (known after apply)
      + public_dns           = (known after apply)
      + public_ip            = (known after apply)
      + public_ipv4_pool     = (known after apply)
      + tags                 = {
          + "Name" = "tf_eip"
        }
      + tags_all             = {
          + "Name" = "tf_eip"
        }
      + vpc                  = (known after apply)
    }

  # aws_eks_cluster.tf_eks_cluster will be created
  + resource "aws_eks_cluster" "tf_eks_cluster" {
      + arn                           = (known after apply)
      + bootstrap_self_managed_addons = true
      + certificate_authority         = (known after apply)
      + cluster_id                    = (known after apply)
      + created_at                    = (known after apply)
      + endpoint                      = (known after apply)
      + id                            = (known after apply)
      + identity                      = (known after apply)
      + name                          = "tf-eks-cluster"
      + platform_version              = (known after apply)
      + role_arn                      = (known after apply)
      + status                        = (known after apply)
      + tags                          = {
          + "Name" = "tf_eks_cluster"
        }
      + tags_all                      = {
          + "Name" = "tf_eks_cluster"
        }
      + version                       = "1.31"

      + access_config (known after apply)

      + kubernetes_network_config (known after apply)

      + upgrade_policy (known after apply)

      + vpc_config {
          + cluster_security_group_id = (known after apply)
          + endpoint_private_access   = true
          + endpoint_public_access    = false
          + public_access_cidrs       = (known after apply)
          + security_group_ids        = (known after apply)
          + subnet_ids                = (known after apply)
          + vpc_id                    = (known after apply)
        }
    }

  # aws_eks_node_group.tf_eks_managed_node_group will be created
  + resource "aws_eks_node_group" "tf_eks_managed_node_group" {
      + ami_type               = (known after apply)
      + arn                    = (known after apply)
      + capacity_type          = "ON_DEMAND"
      + cluster_name           = "tf-eks-cluster"
      + disk_size              = (known after apply)
      + id                     = (known after apply)
      + instance_types         = (known after apply)
      + node_group_name        = "tf-eks-managed-node-group"
      + node_group_name_prefix = (known after apply)
      + node_role_arn          = (known after apply)
      + release_version        = (known after apply)
      + resources              = (known after apply)
      + status                 = (known after apply)
      + subnet_ids             = (known after apply)
      + tags                   = {
          + "Name" = "tf_eks_managed_node_group"
        }
      + tags_all               = {
          + "Name" = "tf_eks_managed_node_group"
        }
      + version                = (known after apply)

      + launch_template {
          + id      = (known after apply)
          + name    = (known after apply)
          + version = "$Latest"
        }

      + node_repair_config (known after apply)

      + scaling_config {
          + desired_size = 2
          + max_size     = 3
          + min_size     = 2
        }

      + update_config {
          + max_unavailable = 1
        }
    }

  # aws_iam_openid_connect_provider.tf_oidc_provider will be created
  + resource "aws_iam_openid_connect_provider" "tf_oidc_provider" {
      + arn             = (known after apply)
      + client_id_list  = [
          + "sts.amazonaws.com",
        ]
      + id              = (known after apply)
      + tags_all        = (known after apply)
      + thumbprint_list = (known after apply)
      + url             = (known after apply)
    }

  # aws_iam_role.tf_eks_cluster_iam_role will be created
  + resource "aws_iam_role" "tf_eks_cluster_iam_role" {
      + arn                   = (known after apply)
      + assume_role_policy    = jsonencode(
            {
              + Statement = [
                  + {
                      + Action    = "sts:AssumeRole"
                      + Effect    = "Allow"
                      + Principal = {
                          + Service = "eks.amazonaws.com"
                        }
                    },
                ]
              + Version   = "2012-10-17"
            }
        )
      + create_date           = (known after apply)
      + force_detach_policies = false
      + id                    = (known after apply)
      + managed_policy_arns   = (known after apply)
      + max_session_duration  = 3600
      + name                  = "tf-eks-cluster-iam-role"
      + name_prefix           = (known after apply)
      + path                  = "/"
      + tags_all              = (known after apply)
      + unique_id             = (known after apply)

      + inline_policy (known after apply)
    }

  # aws_iam_role.tf_eks_managed_node_group_iam_role will be created
  + resource "aws_iam_role" "tf_eks_managed_node_group_iam_role" {
      + arn                   = (known after apply)
      + assume_role_policy    = jsonencode(
            {
              + Statement = [
                  + {
                      + Action    = "sts:AssumeRole"
                      + Effect    = "Allow"
                      + Principal = {
                          + Service = "ec2.amazonaws.com"
                        }
                    },
                ]
              + Version   = "2012-10-17"
            }
        )
      + create_date           = (known after apply)
      + force_detach_policies = false
      + id                    = (known after apply)
      + managed_policy_arns   = (known after apply)
      + max_session_duration  = 3600
      + name                  = "tf-eks-managed-node-role"
      + name_prefix           = (known after apply)
      + path                  = "/"
      + tags_all              = (known after apply)
      + unique_id             = (known after apply)

      + inline_policy (known after apply)
    }

  # aws_iam_role_policy_attachment.tf_eks_cluster_policy_AmazonEKSClusterPolicy will be created
  + resource "aws_iam_role_policy_attachment" "tf_eks_cluster_policy_AmazonEKSClusterPolicy" {
      + id         = (known after apply)
      + policy_arn = "arn:aws:iam::aws:policy/AmazonEKSClusterPolicy"
      + role       = "tf-eks-cluster-iam-role"
    }

  # aws_iam_role_policy_attachment.tf_eks_managed_node_group_policy_AmazonEC2ContainerRegistryReadOnly will be created
  + resource "aws_iam_role_policy_attachment" "tf_eks_managed_node_group_policy_AmazonEC2ContainerRegistryReadOnly" {
      + id         = (known after apply)
      + policy_arn = "arn:aws:iam::aws:policy/AmazonEC2ContainerRegistryReadOnly"
      + role       = "tf-eks-managed-node-role"
    }

  # aws_iam_role_policy_attachment.tf_eks_managed_node_group_policy_AmazonEKSWorkerNodePolicy will be created
  + resource "aws_iam_role_policy_attachment" "tf_eks_managed_node_group_policy_AmazonEKSWorkerNodePolicy" {
      + id         = (known after apply)
      + policy_arn = "arn:aws:iam::aws:policy/AmazonEKSWorkerNodePolicy"
      + role       = "tf-eks-managed-node-role"
    }

  # aws_iam_role_policy_attachment.tf_eks_managed_node_group_policy_AmazonEKS_CNI_Policy will be created
  + resource "aws_iam_role_policy_attachment" "tf_eks_managed_node_group_policy_AmazonEKS_CNI_Policy" {
      + id         = (known after apply)
      + policy_arn = "arn:aws:iam::aws:policy/AmazonEKS_CNI_Policy"
      + role       = "tf-eks-managed-node-role"
    }

  # aws_instance.tf_bastion will be created
  + resource "aws_instance" "tf_bastion" {
      + ami                                  = "ami-0a20b1b99b215fb27"
      + arn                                  = (known after apply)
      + associate_public_ip_address          = true
      + availability_zone                    = (known after apply)
      + cpu_core_count                       = (known after apply)
      + cpu_threads_per_core                 = (known after apply)
      + disable_api_stop                     = (known after apply)
      + disable_api_termination              = (known after apply)
      + ebs_optimized                        = (known after apply)
      + enable_primary_ipv6                  = (known after apply)
      + get_password_data                    = false
      + host_id                              = (known after apply)
      + host_resource_group_arn              = (known after apply)
      + iam_instance_profile                 = (known after apply)
      + id                                   = (known after apply)
      + instance_initiated_shutdown_behavior = (known after apply)
      + instance_lifecycle                   = (known after apply)
      + instance_state                       = (known after apply)
      + instance_type                        = "t3.micro"
      + ipv6_address_count                   = (known after apply)
      + ipv6_addresses                       = (known after apply)
      + key_name                             = "tf-bastion-key"
      + monitoring                           = (known after apply)
      + outpost_arn                          = (known after apply)
      + password_data                        = (known after apply)
      + placement_group                      = (known after apply)
      + placement_partition_number           = (known after apply)
      + primary_network_interface_id         = (known after apply)
      + private_dns                          = (known after apply)
      + private_ip                           = (known after apply)
      + public_dns                           = (known after apply)
      + public_ip                            = (known after apply)
      + secondary_private_ips                = (known after apply)
      + security_groups                      = (known after apply)
      + source_dest_check                    = true
      + spot_instance_request_id             = (known after apply)
      + subnet_id                            = (known after apply)
      + tags                                 = {
          + "Name" = "bastion"
        }
      + tags_all                             = {
          + "Name" = "bastion"
        }
      + tenancy                              = (known after apply)
      + user_data                            = (known after apply)
      + user_data_base64                     = (known after apply)
      + user_data_replace_on_change          = false
      + vpc_security_group_ids               = (known after apply)

      + capacity_reservation_specification (known after apply)

      + cpu_options (known after apply)

      + ebs_block_device (known after apply)

      + enclave_options (known after apply)

      + ephemeral_block_device (known after apply)

      + instance_market_options (known after apply)

      + maintenance_options (known after apply)

      + metadata_options (known after apply)

      + network_interface (known after apply)

      + private_dns_name_options (known after apply)

      + root_block_device (known after apply)
    }

  # aws_internet_gateway.tf_igw will be created
  + resource "aws_internet_gateway" "tf_igw" {
      + arn      = (known after apply)
      + id       = (known after apply)
      + owner_id = (known after apply)
      + tags     = {
          + "Name" = "tf_igw"
        }
      + tags_all = {
          + "Name" = "tf_igw"
        }
      + vpc_id   = (known after apply)
    }

  # aws_key_pair.tf_bastion_key will be created
  + resource "aws_key_pair" "tf_bastion_key" {
      + arn             = (known after apply)
      + fingerprint     = (known after apply)
      + id              = (known after apply)
      + key_name        = "tf-bastion-key"
      + key_name_prefix = (known after apply)
      + key_pair_id     = (known after apply)
      + key_type        = (known after apply)
      + public_key      = (known after apply)
      + tags            = {
          + "Name" = "tf_bastion_key"
        }
      + tags_all        = {
          + "Name" = "tf_bastion_key"
        }
    }

  # aws_launch_template.tf_eks_node_lt will be created
  + resource "aws_launch_template" "tf_eks_node_lt" {
      + arn                    = (known after apply)
      + default_version        = (known after apply)
      + id                     = (known after apply)
      + image_id               = "ami-0fa05db9e3c145f63"
      + instance_type          = "t3.medium"
      + latest_version         = (known after apply)
      + name                   = (known after apply)
      + name_prefix            = "tf-eks-node-lt"
      + tags                   = {
          + "Name"               = "tf_eks_node_lt"
          + "eks:cluster-name"   = "tf-eks-cluster"
          + "eks:nodegroup-name" = "tf-eks-managed-node-group"
        }
      + tags_all               = {
          + "Name"               = "tf_eks_node_lt"
          + "eks:cluster-name"   = "tf-eks-cluster"
          + "eks:nodegroup-name" = "tf-eks-managed-node-group"
        }
      + user_data              = (known after apply)
      + vpc_security_group_ids = (known after apply)

      + block_device_mappings {
          + device_name = "/dev/xvda"

          + ebs {
              + iops        = 3000
              + throughput  = 125
              + volume_size = 20
              + volume_type = "gp3"
            }
        }

      + metadata_options (known after apply)

      + tag_specifications {
          + resource_type = "instance"
          + tags          = {
              + "Name"               = "tf_eks_node_lt"
              + "eks:cluster-name"   = "tf-eks-cluster"
              + "eks:nodegroup-name" = "tf-eks-managed-node-group"
            }
        }
      + tag_specifications {
          + resource_type = "volume"
          + tags          = {
              + "Name"               = "tf_eks_node_lt"
              + "eks:cluster-name"   = "tf-eks-cluster"
              + "eks:nodegroup-name" = "tf-eks-managed-node-group"
            }
        }
    }

  # aws_nat_gateway.tf_nat will be created
  + resource "aws_nat_gateway" "tf_nat" {
      + allocation_id                      = (known after apply)
      + association_id                     = (known after apply)
      + connectivity_type                  = "public"
      + id                                 = (known after apply)
      + network_interface_id               = (known after apply)
      + private_ip                         = (known after apply)
      + public_ip                          = (known after apply)
      + secondary_private_ip_address_count = (known after apply)
      + secondary_private_ip_addresses     = (known after apply)
      + subnet_id                          = (known after apply)
      + tags                               = {
          + "Name" = "tf_nat"
        }
      + tags_all                           = {
          + "Name" = "tf_nat"
        }
    }

  # aws_route.tf_pri_route_nat will be created
  + resource "aws_route" "tf_pri_route_nat" {
      + destination_cidr_block = "0.0.0.0/0"
      + id                     = (known after apply)
      + instance_id            = (known after apply)
      + instance_owner_id      = (known after apply)
      + nat_gateway_id         = (known after apply)
      + network_interface_id   = (known after apply)
      + origin                 = (known after apply)
      + route_table_id         = (known after apply)
      + state                  = (known after apply)
    }

  # aws_route.tf_pub_route_igw will be created
  + resource "aws_route" "tf_pub_route_igw" {
      + destination_cidr_block = "0.0.0.0/0"
      + gateway_id             = (known after apply)
      + id                     = (known after apply)
      + instance_id            = (known after apply)
      + instance_owner_id      = (known after apply)
      + network_interface_id   = (known after apply)
      + origin                 = (known after apply)
      + route_table_id         = (known after apply)
      + state                  = (known after apply)
    }

  # aws_route53_record.tf_rds_endpoint will be created
  + resource "aws_route53_record" "tf_rds_endpoint" {
      + allow_overwrite = (known after apply)
      + fqdn            = (known after apply)
      + id              = (known after apply)
      + name            = "rds.tf.private.com"
      + records         = (known after apply)
      + ttl             = 300
      + type            = "CNAME"
      + zone_id         = (known after apply)
    }

  # aws_route53_zone.tf_route53_private will be created
  + resource "aws_route53_zone" "tf_route53_private" {
      + arn                 = (known after apply)
      + comment             = "Managed by Terraform"
      + force_destroy       = false
      + id                  = (known after apply)
      + name                = "tf.private.com"
      + name_servers        = (known after apply)
      + primary_name_server = (known after apply)
      + tags_all            = (known after apply)
      + zone_id             = (known after apply)

      + vpc {
          + vpc_id     = (known after apply)
          + vpc_region = (known after apply)
        }
    }

  # aws_route_table.tf_pri_rtb will be created
  + resource "aws_route_table" "tf_pri_rtb" {
      + arn              = (known after apply)
      + id               = (known after apply)
      + owner_id         = (known after apply)
      + propagating_vgws = (known after apply)
      + route            = (known after apply)
      + tags             = {
          + "Name" = "tf_pri_rt"
        }
      + tags_all         = {
          + "Name" = "tf_pri_rt"
        }
      + vpc_id           = (known after apply)
    }

  # aws_route_table.tf_pub_rtb will be created
  + resource "aws_route_table" "tf_pub_rtb" {
      + arn              = (known after apply)
      + id               = (known after apply)
      + owner_id         = (known after apply)
      + propagating_vgws = (known after apply)
      + route            = (known after apply)
      + tags             = {
          + "Name" = "tf_pub_rtb"
        }
      + tags_all         = {
          + "Name" = "tf_pub_rtb"
        }
      + vpc_id           = (known after apply)
    }

  # aws_route_table_association.tf_pri_sub_1_association will be created
  + resource "aws_route_table_association" "tf_pri_sub_1_association" {
      + id             = (known after apply)
      + route_table_id = (known after apply)
      + subnet_id      = (known after apply)
    }

  # aws_route_table_association.tf_pri_sub_2_association will be created
  + resource "aws_route_table_association" "tf_pri_sub_2_association" {
      + id             = (known after apply)
      + route_table_id = (known after apply)
      + subnet_id      = (known after apply)
    }

  # aws_route_table_association.tf_pub_sub_1_association will be created
  + resource "aws_route_table_association" "tf_pub_sub_1_association" {
      + id             = (known after apply)
      + route_table_id = (known after apply)
      + subnet_id      = (known after apply)
    }

  # aws_route_table_association.tf_pub_sub_2_association will be created
  + resource "aws_route_table_association" "tf_pub_sub_2_association" {
      + id             = (known after apply)
      + route_table_id = (known after apply)
      + subnet_id      = (known after apply)
    }

  # aws_route_table_association.tf_rds_sub_1_association will be created
  + resource "aws_route_table_association" "tf_rds_sub_1_association" {
      + id             = (known after apply)
      + route_table_id = (known after apply)
      + subnet_id      = (known after apply)
    }

  # aws_route_table_association.tf_rds_sub_2_association will be created
  + resource "aws_route_table_association" "tf_rds_sub_2_association" {
      + id             = (known after apply)
      + route_table_id = (known after apply)
      + subnet_id      = (known after apply)
    }

  # aws_security_group.tf_bastion_sg will be created
  + resource "aws_security_group" "tf_bastion_sg" {
      + arn                    = (known after apply)
      + description            = "Managed by Terraform"
      + egress                 = [
          + {
              + cidr_blocks      = [
                  + "0.0.0.0/0",
                ]
              + from_port        = 0
              + ipv6_cidr_blocks = []
              + prefix_list_ids  = []
              + protocol         = "-1"
              + security_groups  = []
              + self             = false
              + to_port          = 0
                # (1 unchanged attribute hidden)
            },
        ]
      + id                     = (known after apply)
      + ingress                = [
          + {
              + cidr_blocks      = [
                  + "0.0.0.0/0",
                ]
              + from_port        = 22
              + ipv6_cidr_blocks = []
              + prefix_list_ids  = []
              + protocol         = "tcp"
              + security_groups  = []
              + self             = false
              + to_port          = 22
                # (1 unchanged attribute hidden)
            },
        ]
      + name                   = "tf-bastion-sg"
      + name_prefix            = (known after apply)
      + owner_id               = (known after apply)
      + revoke_rules_on_delete = false
      + tags                   = {
          + "Name" = "tf_bastion_sg"
        }
      + tags_all               = {
          + "Name" = "tf_bastion_sg"
        }
      + vpc_id                 = (known after apply)
    }

  # aws_security_group.tf_eks_cluster_sg will be created
  + resource "aws_security_group" "tf_eks_cluster_sg" {
      + arn                    = (known after apply)
      + description            = "EKS Cluster Security Group"
      + egress                 = [
          + {
              + cidr_blocks      = [
                  + "0.0.0.0/0",
                ]
              + from_port        = 0
              + ipv6_cidr_blocks = []
              + prefix_list_ids  = []
              + protocol         = "-1"
              + security_groups  = []
              + self             = false
              + to_port          = 0
                # (1 unchanged attribute hidden)
            },
        ]
      + id                     = (known after apply)
      + ingress                = [
          + {
              + cidr_blocks      = [
                  + "10.0.3.0/24",
                  + "10.0.4.0/24",
                ]
              + description      = "Node groups to cluster API"
              + from_port        = 443
              + ipv6_cidr_blocks = []
              + prefix_list_ids  = []
              + protocol         = "tcp"
              + security_groups  = []
              + self             = false
              + to_port          = 443
            },
          + {
              + cidr_blocks      = []
              + description      = "Allow bastion to communicate with the cluster API"
              + from_port        = 443
              + ipv6_cidr_blocks = []
              + prefix_list_ids  = []
              + protocol         = "tcp"
              + security_groups  = (known after apply)
              + self             = false
              + to_port          = 443
            },
        ]
      + name                   = "tf-eks-cluster-sg"
      + name_prefix            = (known after apply)
      + owner_id               = (known after apply)
      + revoke_rules_on_delete = false
      + tags                   = {
          + "Name" = "tf_eks_cluster_sg"
        }
      + tags_all               = {
          + "Name" = "tf_eks_cluster_sg"
        }
      + vpc_id                 = (known after apply)
    }

  # aws_security_group.tf_eks_node_group_sg will be created
  + resource "aws_security_group" "tf_eks_node_group_sg" {
      + arn                    = (known after apply)
      + description            = "EKS Node Group Security Group"
      + egress                 = [
          + {
              + cidr_blocks      = [
                  + "0.0.0.0/0",
                ]
              + from_port        = 0
              + ipv6_cidr_blocks = []
              + prefix_list_ids  = []
              + protocol         = "-1"
              + security_groups  = []
              + self             = false
              + to_port          = 0
                # (1 unchanged attribute hidden)
            },
        ]
      + id                     = (known after apply)
      + ingress                = [
          + {
              + cidr_blocks      = []
              + description      = "Cluster API to node 4443/tcp webhook"
              + from_port        = 4443
              + ipv6_cidr_blocks = []
              + prefix_list_ids  = []
              + protocol         = "tcp"
              + security_groups  = (known after apply)
              + self             = false
              + to_port          = 4443
            },
          + {
              + cidr_blocks      = []
              + description      = "Cluster API to node 6443/tcp webhook"
              + from_port        = 6443
              + ipv6_cidr_blocks = []
              + prefix_list_ids  = []
              + protocol         = "tcp"
              + security_groups  = (known after apply)
              + self             = false
              + to_port          = 6443
            },
          + {
              + cidr_blocks      = []
              + description      = "Cluster API to node 8443/tcp webhook"
              + from_port        = 8443
              + ipv6_cidr_blocks = []
              + prefix_list_ids  = []
              + protocol         = "tcp"
              + security_groups  = (known after apply)
              + self             = false
              + to_port          = 8443
            },
          + {
              + cidr_blocks      = []
              + description      = "Cluster API to node 9443/tcp webhook"
              + from_port        = 9443
              + ipv6_cidr_blocks = []
              + prefix_list_ids  = []
              + protocol         = "tcp"
              + security_groups  = (known after apply)
              + self             = false
              + to_port          = 9443
            },
          + {
              + cidr_blocks      = []
              + description      = "Cluster API to node groups"
              + from_port        = 443
              + ipv6_cidr_blocks = []
              + prefix_list_ids  = []
              + protocol         = "tcp"
              + security_groups  = (known after apply)
              + self             = false
              + to_port          = 443
            },
          + {
              + cidr_blocks      = []
              + description      = "Cluster API to node kubelets"
              + from_port        = 10250
              + ipv6_cidr_blocks = []
              + prefix_list_ids  = []
              + protocol         = "tcp"
              + security_groups  = (known after apply)
              + self             = false
              + to_port          = 10250
            },
          + {
              + cidr_blocks      = []
              + description      = "Node to node CoreDNS UDP"
              + from_port        = 53
              + ipv6_cidr_blocks = []
              + prefix_list_ids  = []
              + protocol         = "udp"
              + security_groups  = []
              + self             = true
              + to_port          = 53
            },
          + {
              + cidr_blocks      = []
              + description      = "Node to node CoreDNS"
              + from_port        = 53
              + ipv6_cidr_blocks = []
              + prefix_list_ids  = []
              + protocol         = "tcp"
              + security_groups  = []
              + self             = true
              + to_port          = 53
            },
          + {
              + cidr_blocks      = []
              + description      = "Node to node ingress on ephemeral ports"
              + from_port        = 1025
              + ipv6_cidr_blocks = []
              + prefix_list_ids  = []
              + protocol         = "tcp"
              + security_groups  = []
              + self             = true
              + to_port          = 65535
            },
        ]
      + name                   = "tf-eks-node-group-sg"
      + name_prefix            = (known after apply)
      + owner_id               = (known after apply)
      + revoke_rules_on_delete = false
      + tags                   = {
          + "Name" = "tf_eks_node_group_sg"
        }
      + tags_all               = {
          + "Name" = "tf_eks_node_group_sg"
        }
      + vpc_id                 = (known after apply)
    }

  # aws_security_group.tf_rds_sg will be created
  + resource "aws_security_group" "tf_rds_sg" {
      + arn                    = (known after apply)
      + description            = "Security group for RDS"
      + egress                 = [
          + {
              + cidr_blocks      = [
                  + "0.0.0.0/0",
                ]
              + from_port        = 0
              + ipv6_cidr_blocks = []
              + prefix_list_ids  = []
              + protocol         = "-1"
              + security_groups  = []
              + self             = false
              + to_port          = 0
                # (1 unchanged attribute hidden)
            },
        ]
      + id                     = (known after apply)
      + ingress                = [
          + {
              + cidr_blocks      = []
              + from_port        = 3306
              + ipv6_cidr_blocks = []
              + prefix_list_ids  = []
              + protocol         = "tcp"
              + security_groups  = (known after apply)
              + self             = false
              + to_port          = 3306
                # (1 unchanged attribute hidden)
            },
          + {
              + cidr_blocks      = []
              + from_port        = 3306
              + ipv6_cidr_blocks = []
              + prefix_list_ids  = []
              + protocol         = "tcp"
              + security_groups  = (known after apply)
              + self             = false
              + to_port          = 3306
                # (1 unchanged attribute hidden)
            },
        ]
      + name                   = "tf-rds-sg"
      + name_prefix            = (known after apply)
      + owner_id               = (known after apply)
      + revoke_rules_on_delete = false
      + tags                   = {
          + "Name" = "tf_rds_sg"
        }
      + tags_all               = {
          + "Name" = "tf_rds_sg"
        }
      + vpc_id                 = (known after apply)
    }

  # aws_subnet.tf_pri_sub_1 will be created
  + resource "aws_subnet" "tf_pri_sub_1" {
      + arn                                            = (known after apply)
      + assign_ipv6_address_on_creation                = false
      + availability_zone                              = "ap-northeast-2a"
      + availability_zone_id                           = (known after apply)
      + cidr_block                                     = "10.0.3.0/24"
      + enable_dns64                                   = false
      + enable_resource_name_dns_a_record_on_launch    = false
      + enable_resource_name_dns_aaaa_record_on_launch = false
      + id                                             = (known after apply)
      + ipv6_cidr_block_association_id                 = (known after apply)
      + ipv6_native                                    = false
      + map_public_ip_on_launch                        = false
      + owner_id                                       = (known after apply)
      + private_dns_hostname_type_on_launch            = (known after apply)
      + tags                                           = {
          + "Name"                                 = "tf_pri_sub_1"
          + "kubernetes.io/cluster/tf-eks-cluster" = "shared"
          + "kubernetes.io/role/internal-elb"      = "1"
        }
      + tags_all                                       = {
          + "Name"                                 = "tf_pri_sub_1"
          + "kubernetes.io/cluster/tf-eks-cluster" = "shared"
          + "kubernetes.io/role/internal-elb"      = "1"
        }
      + vpc_id                                         = (known after apply)
    }

  # aws_subnet.tf_pri_sub_2 will be created
  + resource "aws_subnet" "tf_pri_sub_2" {
      + arn                                            = (known after apply)
      + assign_ipv6_address_on_creation                = false
      + availability_zone                              = "ap-northeast-2c"
      + availability_zone_id                           = (known after apply)
      + cidr_block                                     = "10.0.4.0/24"
      + enable_dns64                                   = false
      + enable_resource_name_dns_a_record_on_launch    = false
      + enable_resource_name_dns_aaaa_record_on_launch = false
      + id                                             = (known after apply)
      + ipv6_cidr_block_association_id                 = (known after apply)
      + ipv6_native                                    = false
      + map_public_ip_on_launch                        = false
      + owner_id                                       = (known after apply)
      + private_dns_hostname_type_on_launch            = (known after apply)
      + tags                                           = {
          + "Name"                                 = "tf_pri_sub_2"
          + "kubernetes.io/cluster/tf-eks-cluster" = "shared"
          + "kubernetes.io/role/internal-elb"      = "1"
        }
      + tags_all                                       = {
          + "Name"                                 = "tf_pri_sub_2"
          + "kubernetes.io/cluster/tf-eks-cluster" = "shared"
          + "kubernetes.io/role/internal-elb"      = "1"
        }
      + vpc_id                                         = (known after apply)
    }

  # aws_subnet.tf_pub_sub_1 will be created
  + resource "aws_subnet" "tf_pub_sub_1" {
      + arn                                            = (known after apply)
      + assign_ipv6_address_on_creation                = false
      + availability_zone                              = "ap-northeast-2a"
      + availability_zone_id                           = (known after apply)
      + cidr_block                                     = "10.0.1.0/24"
      + enable_dns64                                   = false
      + enable_resource_name_dns_a_record_on_launch    = false
      + enable_resource_name_dns_aaaa_record_on_launch = false
      + id                                             = (known after apply)
      + ipv6_cidr_block_association_id                 = (known after apply)
      + ipv6_native                                    = false
      + map_public_ip_on_launch                        = true
      + owner_id                                       = (known after apply)
      + private_dns_hostname_type_on_launch            = (known after apply)
      + tags                                           = {
          + "Name"                   = "tf_pub_sub_1"
          + "kubernetes.io/role/elb" = "1"
        }
      + tags_all                                       = {
          + "Name"                   = "tf_pub_sub_1"
          + "kubernetes.io/role/elb" = "1"
        }
      + vpc_id                                         = (known after apply)
    }

  # aws_subnet.tf_pub_sub_2 will be created
  + resource "aws_subnet" "tf_pub_sub_2" {
      + arn                                            = (known after apply)
      + assign_ipv6_address_on_creation                = false
      + availability_zone                              = "ap-northeast-2c"
      + availability_zone_id                           = (known after apply)
      + cidr_block                                     = "10.0.2.0/24"
      + enable_dns64                                   = false
      + enable_resource_name_dns_a_record_on_launch    = false
      + enable_resource_name_dns_aaaa_record_on_launch = false
      + id                                             = (known after apply)
      + ipv6_cidr_block_association_id                 = (known after apply)
      + ipv6_native                                    = false
      + map_public_ip_on_launch                        = true
      + owner_id                                       = (known after apply)
      + private_dns_hostname_type_on_launch            = (known after apply)
      + tags                                           = {
          + "Name"                   = "tf_pub_sub_2"
          + "kubernetes.io/role/elb" = "1"
        }
      + tags_all                                       = {
          + "Name"                   = "tf_pub_sub_2"
          + "kubernetes.io/role/elb" = "1"
        }
      + vpc_id                                         = (known after apply)
    }

  # aws_subnet.tf_rds_sub_1 will be created
  + resource "aws_subnet" "tf_rds_sub_1" {
      + arn                                            = (known after apply)
      + assign_ipv6_address_on_creation                = false
      + availability_zone                              = "ap-northeast-2a"
      + availability_zone_id                           = (known after apply)
      + cidr_block                                     = "10.0.5.0/24"
      + enable_dns64                                   = false
      + enable_resource_name_dns_a_record_on_launch    = false
      + enable_resource_name_dns_aaaa_record_on_launch = false
      + id                                             = (known after apply)
      + ipv6_cidr_block_association_id                 = (known after apply)
      + ipv6_native                                    = false
      + map_public_ip_on_launch                        = false
      + owner_id                                       = (known after apply)
      + private_dns_hostname_type_on_launch            = (known after apply)
      + tags                                           = {
          + "Name" = "tf_rds_sub_1"
        }
      + tags_all                                       = {
          + "Name" = "tf_rds_sub_1"
        }
      + vpc_id                                         = (known after apply)
    }

  # aws_subnet.tf_rds_sub_2 will be created
  + resource "aws_subnet" "tf_rds_sub_2" {
      + arn                                            = (known after apply)
      + assign_ipv6_address_on_creation                = false
      + availability_zone                              = "ap-northeast-2c"
      + availability_zone_id                           = (known after apply)
      + cidr_block                                     = "10.0.6.0/24"
      + enable_dns64                                   = false
      + enable_resource_name_dns_a_record_on_launch    = false
      + enable_resource_name_dns_aaaa_record_on_launch = false
      + id                                             = (known after apply)
      + ipv6_cidr_block_association_id                 = (known after apply)
      + ipv6_native                                    = false
      + map_public_ip_on_launch                        = false
      + owner_id                                       = (known after apply)
      + private_dns_hostname_type_on_launch            = (known after apply)
      + tags                                           = {
          + "Name" = "tf_rds_sub_2"
        }
      + tags_all                                       = {
          + "Name" = "tf_rds_sub_2"
        }
      + vpc_id                                         = (known after apply)
    }

  # aws_vpc.tf_vpc will be created
  + resource "aws_vpc" "tf_vpc" {
      + arn                                  = (known after apply)
      + cidr_block                           = "10.0.0.0/16"
      + default_network_acl_id               = (known after apply)
      + default_route_table_id               = (known after apply)
      + default_security_group_id            = (known after apply)
      + dhcp_options_id                      = (known after apply)
      + enable_dns_hostnames                 = true
      + enable_dns_support                   = true
      + enable_network_address_usage_metrics = (known after apply)
      + id                                   = (known after apply)
      + instance_tenancy                     = "default"
      + ipv6_association_id                  = (known after apply)
      + ipv6_cidr_block                      = (known after apply)
      + ipv6_cidr_block_network_border_group = (known after apply)
      + main_route_table_id                  = (known after apply)
      + owner_id                             = (known after apply)
      + tags                                 = {
          + "Name" = "tf_vpc"
        }
      + tags_all                             = {
          + "Name" = "tf_vpc"
        }
    }

  # local_file.tf_bastion_private_key will be created
  + resource "local_file" "tf_bastion_private_key" {
      + content              = (sensitive value)
      + content_base64sha256 = (known after apply)
      + content_base64sha512 = (known after apply)
      + content_md5          = (known after apply)
      + content_sha1         = (known after apply)
      + content_sha256       = (known after apply)
      + content_sha512       = (known after apply)
      + directory_permission = "0777"
      + file_permission      = "0600"
      + filename             = "/home/terraform/tf-bastion-key.pem"
      + id                   = (known after apply)
    }

  # tls_private_key.tf_bastion_key will be created
  + resource "tls_private_key" "tf_bastion_key" {
      + algorithm                     = "RSA"
      + ecdsa_curve                   = "P224"
      + id                            = (known after apply)
      + private_key_openssh           = (sensitive value)
      + private_key_pem               = (sensitive value)
      + private_key_pem_pkcs8         = (sensitive value)
      + public_key_fingerprint_md5    = (known after apply)
      + public_key_fingerprint_sha256 = (known after apply)
      + public_key_openssh            = (known after apply)
      + public_key_pem                = (known after apply)
      + rsa_bits                      = 2048
    }

  # module.eks_blueprints_addons.data.aws_iam_policy_document.karpenter[0] will be read during apply
  # (config refers to values not yet known)
 <= data "aws_iam_policy_document" "karpenter" {
      + id                        = (known after apply)
      + json                      = (known after apply)
      + minified_json             = (known after apply)
      + override_policy_documents = []
      + source_policy_documents   = []

      + statement {
          + actions   = [
              + "ec2:DescribeAvailabilityZones",
              + "ec2:DescribeImages",
              + "ec2:DescribeInstanceTypeOfferings",
              + "ec2:DescribeInstanceTypes",
              + "ec2:DescribeInstances",
              + "ec2:DescribeLaunchTemplates",
              + "ec2:DescribeSecurityGroups",
              + "ec2:DescribeSpotPriceHistory",
              + "ec2:DescribeSubnets",
            ]
          + resources = [
              + "*",
            ]
        }
      + statement {
          + actions   = [
              + "ec2:CreateFleet",
              + "ec2:CreateLaunchTemplate",
              + "ec2:CreateTags",
              + "ec2:DeleteLaunchTemplate",
              + "ec2:RunInstances",
            ]
          + resources = [
              + "arn:aws:ec2:ap-northeast-2:707677861059:*",
              + "arn:aws:ec2:ap-northeast-2::image/*",
            ]
        }
      + statement {
          + actions   = [
              + "iam:PassRole",
            ]
          + resources = [
              + (known after apply),
            ]
        }
      + statement {
          + actions   = [
              + "pricing:GetProducts",
            ]
          + resources = [
              + "*",
            ]
        }
      + statement {
          + actions   = [
              + "ssm:GetParameter",
            ]
          + resources = [
              + "arn:aws:ssm:ap-northeast-2::parameter/aws/service/*",
            ]
        }
      + statement {
          + actions   = [
              + "eks:DescribeCluster",
            ]
          + resources = [
              + "arn:aws:eks:*:707677861059:cluster/tf-eks-cluster",
            ]
        }
      + statement {
          + actions   = [
              + "ec2:TerminateInstances",
            ]
          + resources = [
              + "arn:aws:ec2:ap-northeast-2:707677861059:instance/*",
            ]

          + condition {
              + test     = "StringLike"
              + values   = [
                  + "*",
                ]
              + variable = "ec2:ResourceTag/kubernetes.io/cluster/tf-eks-cluster"
            }
        }
      + statement {
          + actions   = [
              + "sqs:DeleteMessage",
              + "sqs:GetQueueAttributes",
              + "sqs:GetQueueUrl",
              + "sqs:ReceiveMessage",
            ]
          + resources = [
              + (known after apply),
            ]
        }
      + statement {
          + actions   = [
              + "iam:AddRoleToInstanceProfile",
              + "iam:CreateInstanceProfile",
              + "iam:DeleteInstanceProfile",
              + "iam:GetInstanceProfile",
              + "iam:RemoveRoleFromInstanceProfile",
              + "iam:TagInstanceProfile",
            ]
          + resources = [
              + "*",
            ]
        }
    }

  # module.eks_blueprints_addons.aws_cloudformation_stack.usage_telemetry[0] will be created
  + resource "aws_cloudformation_stack" "usage_telemetry" {
      + id            = (known after apply)
      + name          = (sensitive value)
      + on_failure    = "DO_NOTHING"
      + outputs       = (known after apply)
      + parameters    = (known after apply)
      + policy_body   = (known after apply)
      + tags          = {
          + "Environment" = "dev"
        }
      + tags_all      = {
          + "Environment" = "dev"
        }
      + template_body = jsonencode(
            {
              + AWSTemplateFormatVersion = "2010-09-09"
              + Description              = "Usage telemetry for EKS Blueprints. (qs-1ubotj5kl)"
              + Resources                = {
                  + EmptyResource = {
                      + Type = "AWS::CloudFormation::WaitConditionHandle"
                    }
                }
            }
        )
    }

  # module.eks_blueprints_addons.aws_cloudwatch_event_rule.karpenter["health_event"] will be created
  + resource "aws_cloudwatch_event_rule" "karpenter" {
      + arn            = (known after apply)
      + description    = "AWS health event"
      + event_bus_name = "default"
      + event_pattern  = jsonencode(
            {
              + detail-type = [
                  + "AWS Health Event",
                ]
              + source      = [
                  + "aws.health",
                ]
            }
        )
      + force_destroy  = false
      + id             = (known after apply)
      + name           = (known after apply)
      + name_prefix    = "Karpenter-HealthEvent-"
      + tags           = {
          + "ClusterName" = "tf-eks-cluster"
          + "Environment" = "dev"
        }
      + tags_all       = {
          + "ClusterName" = "tf-eks-cluster"
          + "Environment" = "dev"
        }
    }

  # module.eks_blueprints_addons.aws_cloudwatch_event_rule.karpenter["instance_rebalance"] will be created
  + resource "aws_cloudwatch_event_rule" "karpenter" {
      + arn            = (known after apply)
      + description    = "EC2 instance rebalance recommendation"
      + event_bus_name = "default"
      + event_pattern  = jsonencode(
            {
              + detail-type = [
                  + "EC2 Instance Rebalance Recommendation",
                ]
              + source      = [
                  + "aws.ec2",
                ]
            }
        )
      + force_destroy  = false
      + id             = (known after apply)
      + name           = (known after apply)
      + name_prefix    = "Karpenter-InstanceRebalance-"
      + tags           = {
          + "ClusterName" = "tf-eks-cluster"
          + "Environment" = "dev"
        }
      + tags_all       = {
          + "ClusterName" = "tf-eks-cluster"
          + "Environment" = "dev"
        }
    }

  # module.eks_blueprints_addons.aws_cloudwatch_event_rule.karpenter["instance_state_change"] will be created
  + resource "aws_cloudwatch_event_rule" "karpenter" {
      + arn            = (known after apply)
      + description    = "EC2 instance state-change notification"
      + event_bus_name = "default"
      + event_pattern  = jsonencode(
            {
              + detail-type = [
                  + "EC2 Instance State-change Notification",
                ]
              + source      = [
                  + "aws.ec2",
                ]
            }
        )
      + force_destroy  = false
      + id             = (known after apply)
      + name           = (known after apply)
      + name_prefix    = "Karpenter-InstanceStateChange-"
      + tags           = {
          + "ClusterName" = "tf-eks-cluster"
          + "Environment" = "dev"
        }
      + tags_all       = {
          + "ClusterName" = "tf-eks-cluster"
          + "Environment" = "dev"
        }
    }

  # module.eks_blueprints_addons.aws_cloudwatch_event_rule.karpenter["spot_interupt"] will be created
  + resource "aws_cloudwatch_event_rule" "karpenter" {
      + arn            = (known after apply)
      + description    = "EC2 spot instance interruption warning"
      + event_bus_name = "default"
      + event_pattern  = jsonencode(
            {
              + detail-type = [
                  + "EC2 Spot Instance Interruption Warning",
                ]
              + source      = [
                  + "aws.ec2",
                ]
            }
        )
      + force_destroy  = false
      + id             = (known after apply)
      + name           = (known after apply)
      + name_prefix    = "Karpenter-SpotInterrupt-"
      + tags           = {
          + "ClusterName" = "tf-eks-cluster"
          + "Environment" = "dev"
        }
      + tags_all       = {
          + "ClusterName" = "tf-eks-cluster"
          + "Environment" = "dev"
        }
    }

  # module.eks_blueprints_addons.aws_cloudwatch_event_target.karpenter["health_event"] will be created
  + resource "aws_cloudwatch_event_target" "karpenter" {
      + arn            = (known after apply)
      + event_bus_name = "default"
      + force_destroy  = false
      + id             = (known after apply)
      + rule           = (known after apply)
      + target_id      = "KarpenterQueueTarget"
    }

  # module.eks_blueprints_addons.aws_cloudwatch_event_target.karpenter["instance_rebalance"] will be created
  + resource "aws_cloudwatch_event_target" "karpenter" {
      + arn            = (known after apply)
      + event_bus_name = "default"
      + force_destroy  = false
      + id             = (known after apply)
      + rule           = (known after apply)
      + target_id      = "KarpenterQueueTarget"
    }

  # module.eks_blueprints_addons.aws_cloudwatch_event_target.karpenter["instance_state_change"] will be created
  + resource "aws_cloudwatch_event_target" "karpenter" {
      + arn            = (known after apply)
      + event_bus_name = "default"
      + force_destroy  = false
      + id             = (known after apply)
      + rule           = (known after apply)
      + target_id      = "KarpenterQueueTarget"
    }

  # module.eks_blueprints_addons.aws_cloudwatch_event_target.karpenter["spot_interupt"] will be created
  + resource "aws_cloudwatch_event_target" "karpenter" {
      + arn            = (known after apply)
      + event_bus_name = "default"
      + force_destroy  = false
      + id             = (known after apply)
      + rule           = (known after apply)
      + target_id      = "KarpenterQueueTarget"
    }

  # module.eks_blueprints_addons.aws_eks_addon.this["aws-ebs-csi-driver"] will be created
  + resource "aws_eks_addon" "this" {
      + addon_name                  = "aws-ebs-csi-driver"
      + addon_version               = "v1.39.0-eksbuild.1"
      + arn                         = (known after apply)
      + cluster_name                = "tf-eks-cluster"
      + configuration_values        = (known after apply)
      + created_at                  = (known after apply)
      + id                          = (known after apply)
      + modified_at                 = (known after apply)
      + preserve                    = true
      + resolve_conflicts_on_create = "OVERWRITE"
      + resolve_conflicts_on_update = "OVERWRITE"
      + tags                        = {
          + "Environment" = "dev"
        }
      + tags_all                    = {
          + "Environment" = "dev"
        }

      + timeouts {}
    }

  # module.eks_blueprints_addons.aws_eks_addon.this["coredns"] will be created
  + resource "aws_eks_addon" "this" {
      + addon_name                  = "coredns"
      + addon_version               = "v1.11.4-eksbuild.2"
      + arn                         = (known after apply)
      + cluster_name                = "tf-eks-cluster"
      + configuration_values        = (known after apply)
      + created_at                  = (known after apply)
      + id                          = (known after apply)
      + modified_at                 = (known after apply)
      + preserve                    = true
      + resolve_conflicts_on_create = "OVERWRITE"
      + resolve_conflicts_on_update = "OVERWRITE"
      + tags                        = {
          + "Environment" = "dev"
        }
      + tags_all                    = {
          + "Environment" = "dev"
        }

      + timeouts {}
    }

  # module.eks_blueprints_addons.aws_eks_addon.this["kube-proxy"] will be created
  + resource "aws_eks_addon" "this" {
      + addon_name                  = "kube-proxy"
      + addon_version               = "v1.31.3-eksbuild.2"
      + arn                         = (known after apply)
      + cluster_name                = "tf-eks-cluster"
      + configuration_values        = (known after apply)
      + created_at                  = (known after apply)
      + id                          = (known after apply)
      + modified_at                 = (known after apply)
      + preserve                    = true
      + resolve_conflicts_on_create = "OVERWRITE"
      + resolve_conflicts_on_update = "OVERWRITE"
      + tags                        = {
          + "Environment" = "dev"
        }
      + tags_all                    = {
          + "Environment" = "dev"
        }

      + timeouts {}
    }

  # module.eks_blueprints_addons.aws_eks_addon.this["vpc-cni"] will be created
  + resource "aws_eks_addon" "this" {
      + addon_name                  = "vpc-cni"
      + addon_version               = "v1.19.2-eksbuild.5"
      + arn                         = (known after apply)
      + cluster_name                = "tf-eks-cluster"
      + configuration_values        = (known after apply)
      + created_at                  = (known after apply)
      + id                          = (known after apply)
      + modified_at                 = (known after apply)
      + preserve                    = true
      + resolve_conflicts_on_create = "OVERWRITE"
      + resolve_conflicts_on_update = "OVERWRITE"
      + tags                        = {
          + "Environment" = "dev"
        }
      + tags_all                    = {
          + "Environment" = "dev"
        }

      + timeouts {}
    }

  # module.eks_blueprints_addons.aws_iam_instance_profile.karpenter[0] will be created
  + resource "aws_iam_instance_profile" "karpenter" {
      + arn         = (known after apply)
      + create_date = (known after apply)
      + id          = (known after apply)
      + name        = (known after apply)
      + name_prefix = "karpenter-tf-eks-cluster-"
      + path        = "/"
      + role        = (known after apply)
      + tags        = {
          + "Environment" = "dev"
        }
      + tags_all    = {
          + "Environment" = "dev"
        }
      + unique_id   = (known after apply)
    }

  # module.eks_blueprints_addons.aws_iam_role.karpenter[0] will be created
  + resource "aws_iam_role" "karpenter" {
      + arn                   = (known after apply)
      + assume_role_policy    = jsonencode(
            {
              + Statement = [
                  + {
                      + Action    = "sts:AssumeRole"
                      + Effect    = "Allow"
                      + Principal = {
                          + Service = "ec2.amazonaws.com"
                        }
                      + Sid       = "KarpenterNodeAssumeRole"
                    },
                ]
              + Version   = "2012-10-17"
            }
        )
      + create_date           = (known after apply)
      + description           = "Karpenter EC2 node IAM role"
      + force_detach_policies = true
      + id                    = (known after apply)
      + managed_policy_arns   = (known after apply)
      + max_session_duration  = 3600
      + name                  = (known after apply)
      + name_prefix           = "karpenter-tf-eks-cluster-"
      + path                  = "/"
      + tags                  = {
          + "Environment" = "dev"
        }
      + tags_all              = {
          + "Environment" = "dev"
        }
      + unique_id             = (known after apply)

      + inline_policy (known after apply)
    }

  # module.eks_blueprints_addons.aws_iam_role_policy_attachment.karpenter["AmazonEC2ContainerRegistryReadOnly"] will be created
  + resource "aws_iam_role_policy_attachment" "karpenter" {
      + id         = (known after apply)
      + policy_arn = "arn:aws:iam::aws:policy/AmazonEC2ContainerRegistryReadOnly"
      + role       = (known after apply)
    }

  # module.eks_blueprints_addons.aws_iam_role_policy_attachment.karpenter["AmazonEKSWorkerNodePolicy"] will be created
  + resource "aws_iam_role_policy_attachment" "karpenter" {
      + id         = (known after apply)
      + policy_arn = "arn:aws:iam::aws:policy/AmazonEKSWorkerNodePolicy"
      + role       = (known after apply)
    }

  # module.eks_blueprints_addons.aws_iam_role_policy_attachment.karpenter["AmazonEKS_CNI_Policy"] will be created
  + resource "aws_iam_role_policy_attachment" "karpenter" {
      + id         = (known after apply)
      + policy_arn = "arn:aws:iam::aws:policy/AmazonEKS_CNI_Policy"
      + role       = (known after apply)
    }

  # module.eks_blueprints_addons.random_bytes.this will be created
  + resource "random_bytes" "this" {
      + base64 = (sensitive value)
      + hex    = (sensitive value)
      + length = 2
    }

  # module.eks_blueprints_addons.time_sleep.this will be created
  + resource "time_sleep" "this" {
      + create_duration = "30s"
      + id              = (known after apply)
      + triggers        = {
          + "cluster_endpoint"  = (known after apply)
          + "cluster_name"      = "tf-eks-cluster"
          + "custom"            = null
          + "oidc_provider_arn" = (known after apply)
        }
    }

  # module.eks_blueprints_addons.module.aws_load_balancer_controller.data.aws_iam_policy_document.assume[0] will be read during apply
  # (config refers to values not yet known)
 <= data "aws_iam_policy_document" "assume" {
      + id            = (known after apply)
      + json          = (known after apply)
      + minified_json = (known after apply)

      + statement {
          + actions = [
              + "sts:AssumeRoleWithWebIdentity",
            ]
          + effect  = "Allow"

          + condition {
              + test     = "StringEquals"
              + values   = [
                  + "sts.amazonaws.com",
                ]
              + variable = (known after apply)
            }
          + condition {
              + test     = "StringEquals"
              + values   = [
                  + "system:serviceaccount:kube-system:aws-load-balancer-controller-sa",
                ]
              + variable = (known after apply)
            }

          + principals {
              + identifiers = [
                  + (known after apply),
                ]
              + type        = "Federated"
            }
        }
    }

  # module.eks_blueprints_addons.module.aws_load_balancer_controller.aws_iam_policy.this[0] will be created
  + resource "aws_iam_policy" "this" {
      + arn              = (known after apply)
      + attachment_count = (known after apply)
      + description      = "IAM Policy for AWS Load Balancer Controller"
      + id               = (known after apply)
      + name             = (known after apply)
      + name_prefix      = "alb-controller-"
      + path             = "/"
      + policy           = jsonencode(
            {
              + Statement = [
                  + {
                      + Action    = "iam:CreateServiceLinkedRole"
                      + Condition = {
                          + StringEquals = {
                              + "iam:AWSServiceName" = "elasticloadbalancing.amazonaws.com"
                            }
                        }
                      + Effect    = "Allow"
                      + Resource  = "*"
                    },
                  + {
                      + Action   = [
                          + "elasticloadbalancing:DescribeTrustStores",
                          + "elasticloadbalancing:DescribeTargetHealth",
                          + "elasticloadbalancing:DescribeTargetGroups",
                          + "elasticloadbalancing:DescribeTargetGroupAttributes",
                          + "elasticloadbalancing:DescribeTags",
                          + "elasticloadbalancing:DescribeSSLPolicies",
                          + "elasticloadbalancing:DescribeRules",
                          + "elasticloadbalancing:DescribeLoadBalancers",
                          + "elasticloadbalancing:DescribeLoadBalancerAttributes",
                          + "elasticloadbalancing:DescribeListeners",
                          + "elasticloadbalancing:DescribeListenerCertificates",
                          + "elasticloadbalancing:DescribeListenerAttributes",
                          + "elasticloadbalancing:DescribeCapacityReservation",
                          + "ec2:GetSecurityGroupsForVpc",
                          + "ec2:GetCoipPoolUsage",
                          + "ec2:DescribeVpcs",
                          + "ec2:DescribeVpcPeeringConnections",
                          + "ec2:DescribeTags",
                          + "ec2:DescribeSubnets",
                          + "ec2:DescribeSecurityGroups",
                          + "ec2:DescribeNetworkInterfaces",
                          + "ec2:DescribeInternetGateways",
                          + "ec2:DescribeInstances",
                          + "ec2:DescribeCoipPools",
                          + "ec2:DescribeAvailabilityZones",
                          + "ec2:DescribeAddresses",
                          + "ec2:DescribeAccountAttributes",
                        ]
                      + Effect   = "Allow"
                      + Resource = "*"
                    },
                  + {
                      + Action   = [
                          + "wafv2:GetWebACLForResource",
                          + "wafv2:GetWebACL",
                          + "wafv2:DisassociateWebACL",
                          + "wafv2:AssociateWebACL",
                          + "waf-regional:GetWebACLForResource",
                          + "waf-regional:GetWebACL",
                          + "waf-regional:DisassociateWebACL",
                          + "waf-regional:AssociateWebACL",
                          + "shield:GetSubscriptionState",
                          + "shield:DescribeProtection",
                          + "shield:DeleteProtection",
                          + "shield:CreateProtection",
                          + "iam:ListServerCertificates",
                          + "iam:GetServerCertificate",
                          + "cognito-idp:DescribeUserPoolClient",
                          + "acm:ListCertificates",
                          + "acm:DescribeCertificate",
                        ]
                      + Effect   = "Allow"
                      + Resource = "*"
                    },
                  + {
                      + Action   = [
                          + "ec2:RevokeSecurityGroupIngress",
                          + "ec2:AuthorizeSecurityGroupIngress",
                        ]
                      + Effect   = "Allow"
                      + Resource = "*"
                    },
                  + {
                      + Action   = "ec2:CreateSecurityGroup"
                      + Effect   = "Allow"
                      + Resource = "*"
                    },
                  + {
                      + Action    = "ec2:CreateTags"
                      + Condition = {
                          + Null         = {
                              + "aws:RequestTag/elbv2.k8s.aws/cluster" = "false"
                            }
                          + StringEquals = {
                              + "ec2:CreateAction" = "CreateSecurityGroup"
                            }
                        }
                      + Effect    = "Allow"
                      + Resource  = "arn:aws:ec2:*:*:security-group/*"
                    },
                  + {
                      + Action    = [
                          + "ec2:DeleteTags",
                          + "ec2:CreateTags",
                        ]
                      + Condition = {
                          + Null = {
                              + "aws:RequestTag/elbv2.k8s.aws/cluster"  = "true"
                              + "aws:ResourceTag/elbv2.k8s.aws/cluster" = "false"
                            }
                        }
                      + Effect    = "Allow"
                      + Resource  = "arn:aws:ec2:*:*:security-group/*"
                    },
                  + {
                      + Action    = [
                          + "ec2:RevokeSecurityGroupIngress",
                          + "ec2:DeleteSecurityGroup",
                          + "ec2:AuthorizeSecurityGroupIngress",
                        ]
                      + Condition = {
                          + Null = {
                              + "aws:ResourceTag/elbv2.k8s.aws/cluster" = "false"
                            }
                        }
                      + Effect    = "Allow"
                      + Resource  = "*"
                    },
                  + {
                      + Action    = [
                          + "elasticloadbalancing:CreateTargetGroup",
                          + "elasticloadbalancing:CreateLoadBalancer",
                        ]
                      + Condition = {
                          + Null = {
                              + "aws:RequestTag/elbv2.k8s.aws/cluster" = "false"
                            }
                        }
                      + Effect    = "Allow"
                      + Resource  = "*"
                    },
                  + {
                      + Action   = [
                          + "elasticloadbalancing:DeleteRule",
                          + "elasticloadbalancing:DeleteListener",
                          + "elasticloadbalancing:CreateRule",
                          + "elasticloadbalancing:CreateListener",
                        ]
                      + Effect   = "Allow"
                      + Resource = "*"
                    },
                  + {
                      + Action    = [
                          + "elasticloadbalancing:RemoveTags",
                          + "elasticloadbalancing:AddTags",
                        ]
                      + Condition = {
                          + Null = {
                              + "aws:RequestTag/elbv2.k8s.aws/cluster"  = "true"
                              + "aws:ResourceTag/elbv2.k8s.aws/cluster" = "false"
                            }
                        }
                      + Effect    = "Allow"
                      + Resource  = [
                          + "arn:aws:elasticloadbalancing:*:*:targetgroup/*/*",
                          + "arn:aws:elasticloadbalancing:*:*:loadbalancer/net/*/*",
                          + "arn:aws:elasticloadbalancing:*:*:loadbalancer/app/*/*",
                        ]
                    },
                  + {
                      + Action   = [
                          + "elasticloadbalancing:RemoveTags",
                          + "elasticloadbalancing:AddTags",
                        ]
                      + Effect   = "Allow"
                      + Resource = [
                          + "arn:aws:elasticloadbalancing:*:*:listener/net/*/*/*",
                          + "arn:aws:elasticloadbalancing:*:*:listener/app/*/*/*",
                          + "arn:aws:elasticloadbalancing:*:*:listener-rule/net/*/*/*",
                          + "arn:aws:elasticloadbalancing:*:*:listener-rule/app/*/*/*",
                        ]
                    },
                  + {
                      + Action    = [
                          + "elasticloadbalancing:SetSubnets",
                          + "elasticloadbalancing:SetSecurityGroups",
                          + "elasticloadbalancing:SetIpAddressType",
                          + "elasticloadbalancing:ModifyTargetGroupAttributes",
                          + "elasticloadbalancing:ModifyTargetGroup",
                          + "elasticloadbalancing:ModifyLoadBalancerAttributes",
                          + "elasticloadbalancing:ModifyListenerAttributes",
                          + "elasticloadbalancing:ModifyCapacityReservation",
                          + "elasticloadbalancing:DeleteTargetGroup",
                          + "elasticloadbalancing:DeleteLoadBalancer",
                        ]
                      + Condition = {
                          + Null = {
                              + "aws:ResourceTag/elbv2.k8s.aws/cluster" = "false"
                            }
                        }
                      + Effect    = "Allow"
                      + Resource  = "*"
                    },
                  + {
                      + Action    = "elasticloadbalancing:AddTags"
                      + Condition = {
                          + Null         = {
                              + "aws:RequestTag/elbv2.k8s.aws/cluster" = "false"
                            }
                          + StringEquals = {
                              + "elasticloadbalancing:CreateAction" = [
                                  + "CreateTargetGroup",
                                  + "CreateLoadBalancer",
                                ]
                            }
                        }
                      + Effect    = "Allow"
                      + Resource  = [
                          + "arn:aws:elasticloadbalancing:*:*:targetgroup/*/*",
                          + "arn:aws:elasticloadbalancing:*:*:loadbalancer/net/*/*",
                          + "arn:aws:elasticloadbalancing:*:*:loadbalancer/app/*/*",
                        ]
                    },
                  + {
                      + Action   = [
                          + "elasticloadbalancing:RegisterTargets",
                          + "elasticloadbalancing:DeregisterTargets",
                        ]
                      + Effect   = "Allow"
                      + Resource = "arn:aws:elasticloadbalancing:*:*:targetgroup/*/*"
                    },
                  + {
                      + Action   = [
                          + "elasticloadbalancing:SetWebAcl",
                          + "elasticloadbalancing:RemoveListenerCertificates",
                          + "elasticloadbalancing:ModifyRule",
                          + "elasticloadbalancing:ModifyListener",
                          + "elasticloadbalancing:AddListenerCertificates",
                        ]
                      + Effect   = "Allow"
                      + Resource = "*"
                    },
                ]
              + Version   = "2012-10-17"
            }
        )
      + policy_id        = (known after apply)
      + tags             = {
          + "Environment" = "dev"
        }
      + tags_all         = {
          + "Environment" = "dev"
        }
    }

  # module.eks_blueprints_addons.module.aws_load_balancer_controller.aws_iam_role.this[0] will be created
  + resource "aws_iam_role" "this" {
      + arn                   = (known after apply)
      + assume_role_policy    = (known after apply)
      + create_date           = (known after apply)
      + description           = "IRSA for aws-load-balancer-controller project"
      + force_detach_policies = true
      + id                    = (known after apply)
      + managed_policy_arns   = (known after apply)
      + max_session_duration  = 3600
      + name                  = (known after apply)
      + name_prefix           = "alb-controller-"
      + path                  = "/"
      + tags                  = {
          + "Environment" = "dev"
        }
      + tags_all              = {
          + "Environment" = "dev"
        }
      + unique_id             = (known after apply)

      + inline_policy (known after apply)
    }

  # module.eks_blueprints_addons.module.aws_load_balancer_controller.aws_iam_role_policy_attachment.this[0] will be created
  + resource "aws_iam_role_policy_attachment" "this" {
      + id         = (known after apply)
      + policy_arn = (known after apply)
      + role       = (known after apply)
    }

  # module.eks_blueprints_addons.module.aws_load_balancer_controller.helm_release.this[0] will be created
  + resource "helm_release" "this" {
      + atomic                     = false
      + chart                      = "aws-load-balancer-controller"
      + cleanup_on_fail            = false
      + create_namespace           = false
      + dependency_update          = false
      + description                = "A Helm chart to deploy aws-load-balancer-controller for ingress resources"
      + disable_crd_hooks          = false
      + disable_openapi_validation = false
      + disable_webhooks           = false
      + force_update               = false
      + id                         = (known after apply)
      + lint                       = false
      + manifest                   = (known after apply)
      + max_history                = 0
      + metadata                   = (known after apply)
      + name                       = "aws-load-balancer-controller"
      + namespace                  = "kube-system"
      + pass_credentials           = false
      + recreate_pods              = false
      + render_subchart_notes      = true
      + replace                    = false
      + repository                 = "https://aws.github.io/eks-charts"
      + reset_values               = false
      + reuse_values               = false
      + skip_crds                  = false
      + status                     = "deployed"
      + timeout                    = 300
      + values                     = []
      + verify                     = false
      + version                    = "1.7.1"
      + wait                       = false
      + wait_for_jobs              = false

      + set {
          + name  = "clusterName"
          + value = "tf-eks-cluster"
            # (1 unchanged attribute hidden)
        }
      + set {
          + name  = "serviceAccount.annotations.eks\\.amazonaws\\.com/role-arn"
          + value = (known after apply)
            # (1 unchanged attribute hidden)
        }
      + set {
          + name  = "serviceAccount.name"
          + value = "aws-load-balancer-controller-sa"
            # (1 unchanged attribute hidden)
        }
    }

  # module.eks_blueprints_addons.module.cert_manager.data.aws_iam_policy_document.assume[0] will be read during apply
  # (config refers to values not yet known)
 <= data "aws_iam_policy_document" "assume" {
      + id            = (known after apply)
      + json          = (known after apply)
      + minified_json = (known after apply)

      + statement {
          + actions = [
              + "sts:AssumeRole",
            ]
          + effect  = "Allow"
          + sid     = "ExplicitSelfRoleAssumption"

          + condition {
              + test     = "ArnLike"
              + values   = [
                  + "arn:aws:iam::707677861059:role/cert-manager-*",
                ]
              + variable = "aws:PrincipalArn"
            }

          + principals {
              + identifiers = [
                  + "*",
                ]
              + type        = "AWS"
            }
        }
      + statement {
          + actions = [
              + "sts:AssumeRoleWithWebIdentity",
            ]
          + effect  = "Allow"

          + condition {
              + test     = "StringEquals"
              + values   = [
                  + "sts.amazonaws.com",
                ]
              + variable = (known after apply)
            }
          + condition {
              + test     = "StringEquals"
              + values   = [
                  + "system:serviceaccount:cert-manager:cert-manager",
                ]
              + variable = (known after apply)
            }

          + principals {
              + identifiers = [
                  + (known after apply),
                ]
              + type        = "Federated"
            }
        }
    }

  # module.eks_blueprints_addons.module.cert_manager.aws_iam_policy.this[0] will be created
  + resource "aws_iam_policy" "this" {
      + arn              = (known after apply)
      + attachment_count = (known after apply)
      + description      = "IAM Policy for cert-manager"
      + id               = (known after apply)
      + name             = (known after apply)
      + name_prefix      = "cert-manager-"
      + path             = "/"
      + policy           = jsonencode(
            {
              + Statement = [
                  + {
                      + Action   = "route53:GetChange"
                      + Effect   = "Allow"
                      + Resource = "arn:aws:route53:::change/*"
                    },
                  + {
                      + Action   = [
                          + "route53:ListResourceRecordSets",
                          + "route53:ChangeResourceRecordSets",
                        ]
                      + Effect   = "Allow"
                      + Resource = "arn:aws:route53:::hostedzone/*"
                    },
                  + {
                      + Action   = "route53:ListHostedZonesByName"
                      + Effect   = "Allow"
                      + Resource = "*"
                    },
                ]
              + Version   = "2012-10-17"
            }
        )
      + policy_id        = (known after apply)
      + tags             = {
          + "Environment" = "dev"
        }
      + tags_all         = {
          + "Environment" = "dev"
        }
    }

  # module.eks_blueprints_addons.module.cert_manager.aws_iam_role.this[0] will be created
  + resource "aws_iam_role" "this" {
      + arn                   = (known after apply)
      + assume_role_policy    = (known after apply)
      + create_date           = (known after apply)
      + description           = "IRSA for cert-manger project"
      + force_detach_policies = true
      + id                    = (known after apply)
      + managed_policy_arns   = (known after apply)
      + max_session_duration  = 3600
      + name                  = (known after apply)
      + name_prefix           = "cert-manager-"
      + path                  = "/"
      + tags                  = {
          + "Environment" = "dev"
        }
      + tags_all              = {
          + "Environment" = "dev"
        }
      + unique_id             = (known after apply)

      + inline_policy (known after apply)
    }

  # module.eks_blueprints_addons.module.cert_manager.aws_iam_role_policy_attachment.this[0] will be created
  + resource "aws_iam_role_policy_attachment" "this" {
      + id         = (known after apply)
      + policy_arn = (known after apply)
      + role       = (known after apply)
    }

  # module.eks_blueprints_addons.module.cert_manager.helm_release.this[0] will be created
  + resource "helm_release" "this" {
      + atomic                     = false
      + chart                      = "cert-manager"
      + cleanup_on_fail            = false
      + create_namespace           = true
      + dependency_update          = false
      + description                = "A Helm chart to deploy cert-manager"
      + disable_crd_hooks          = false
      + disable_openapi_validation = false
      + disable_webhooks           = false
      + force_update               = false
      + id                         = (known after apply)
      + lint                       = false
      + manifest                   = (known after apply)
      + max_history                = 0
      + metadata                   = (known after apply)
      + name                       = "cert-manager"
      + namespace                  = "cert-manager"
      + pass_credentials           = false
      + recreate_pods              = false
      + render_subchart_notes      = true
      + replace                    = false
      + repository                 = "https://charts.jetstack.io"
      + reset_values               = false
      + reuse_values               = false
      + skip_crds                  = false
      + status                     = "deployed"
      + timeout                    = 300
      + values                     = []
      + verify                     = false
      + version                    = "v1.14.3"
      + wait                       = false
      + wait_for_jobs              = false

      + set {
          + name  = "installCRDs"
          + value = "true"
            # (1 unchanged attribute hidden)
        }
      + set {
          + name  = "serviceAccount.annotations.eks\\.amazonaws\\.com/role-arn"
          + value = (known after apply)
            # (1 unchanged attribute hidden)
        }
      + set {
          + name  = "serviceAccount.name"
          + value = "cert-manager"
            # (1 unchanged attribute hidden)
        }
    }

  # module.eks_blueprints_addons.module.cluster_proportional_autoscaler.helm_release.this[0] will be created
  + resource "helm_release" "this" {
      + atomic                     = false
      + chart                      = "cluster-proportional-autoscaler"
      + cleanup_on_fail            = false
      + create_namespace           = false
      + dependency_update          = false
      + description                = "A Helm chart to install the Cluster Proportional Autoscaler"
      + disable_crd_hooks          = false
      + disable_openapi_validation = false
      + disable_webhooks           = false
      + force_update               = false
      + id                         = (known after apply)
      + lint                       = false
      + manifest                   = (known after apply)
      + max_history                = 0
      + metadata                   = (known after apply)
      + name                       = "cluster-proportional-autoscaler"
      + namespace                  = "kube-system"
      + pass_credentials           = false
      + recreate_pods              = false
      + render_subchart_notes      = true
      + replace                    = false
      + repository                 = "https://kubernetes-sigs.github.io/cluster-proportional-autoscaler"
      + reset_values               = false
      + reuse_values               = false
      + skip_crds                  = false
      + status                     = "deployed"
      + timeout                    = 300
      + values                     = []
      + verify                     = false
      + version                    = "1.1.0"
      + wait                       = false
      + wait_for_jobs              = false
    }

  # module.eks_blueprints_addons.module.external_dns.helm_release.this[0] will be created
  + resource "helm_release" "this" {
      + atomic                     = false
      + chart                      = "external-dns"
      + cleanup_on_fail            = false
      + create_namespace           = true
      + dependency_update          = false
      + description                = "A Helm chart to deploy external-dns"
      + disable_crd_hooks          = false
      + disable_openapi_validation = false
      + disable_webhooks           = false
      + force_update               = false
      + id                         = (known after apply)
      + lint                       = false
      + manifest                   = (known after apply)
      + max_history                = 0
      + metadata                   = (known after apply)
      + name                       = "external-dns"
      + namespace                  = "external-dns"
      + pass_credentials           = false
      + recreate_pods              = false
      + render_subchart_notes      = true
      + replace                    = false
      + repository                 = "https://kubernetes-sigs.github.io/external-dns/"
      + reset_values               = false
      + reuse_values               = false
      + skip_crds                  = false
      + status                     = "deployed"
      + timeout                    = 300
      + values                     = [
          + "provider: aws",
        ]
      + verify                     = false
      + version                    = "1.14.3"
      + wait                       = false
      + wait_for_jobs              = false

      + set {
          + name  = "serviceAccount.name"
          + value = "external-dns-sa"
            # (1 unchanged attribute hidden)
        }
    }

  # module.eks_blueprints_addons.module.karpenter.data.aws_iam_policy_document.assume[0] will be read during apply
  # (config refers to values not yet known)
 <= data "aws_iam_policy_document" "assume" {
      + id            = (known after apply)
      + json          = (known after apply)
      + minified_json = (known after apply)

      + statement {
          + actions = [
              + "sts:AssumeRoleWithWebIdentity",
            ]
          + effect  = "Allow"

          + condition {
              + test     = "StringEquals"
              + values   = [
                  + "sts.amazonaws.com",
                ]
              + variable = (known after apply)
            }
          + condition {
              + test     = "StringEquals"
              + values   = [
                  + "system:serviceaccount:karpenter:karpenter",
                ]
              + variable = (known after apply)
            }

          + principals {
              + identifiers = [
                  + (known after apply),
                ]
              + type        = "Federated"
            }
        }
    }

  # module.eks_blueprints_addons.module.karpenter.data.aws_iam_policy_document.this[0] will be read during apply
  # (config refers to values not yet known)
 <= data "aws_iam_policy_document" "this" {
      + id                        = (known after apply)
      + json                      = (known after apply)
      + minified_json             = (known after apply)
      + override_policy_documents = []
      + source_policy_documents   = [
          + (known after apply),
        ]
    }

  # module.eks_blueprints_addons.module.karpenter.aws_iam_policy.this[0] will be created
  + resource "aws_iam_policy" "this" {
      + arn              = (known after apply)
      + attachment_count = (known after apply)
      + description      = "IAM Policy for karpenter"
      + id               = (known after apply)
      + name             = (known after apply)
      + name_prefix      = "karpenter-"
      + path             = "/"
      + policy           = (known after apply)
      + policy_id        = (known after apply)
      + tags             = {
          + "Environment" = "dev"
        }
      + tags_all         = {
          + "Environment" = "dev"
        }
    }

  # module.eks_blueprints_addons.module.karpenter.aws_iam_role.this[0] will be created
  + resource "aws_iam_role" "this" {
      + arn                   = (known after apply)
      + assume_role_policy    = (known after apply)
      + create_date           = (known after apply)
      + description           = "IRSA for Karpenter"
      + force_detach_policies = true
      + id                    = (known after apply)
      + managed_policy_arns   = (known after apply)
      + max_session_duration  = 3600
      + name                  = (known after apply)
      + name_prefix           = "karpenter-"
      + path                  = "/"
      + tags                  = {
          + "Environment" = "dev"
        }
      + tags_all              = {
          + "Environment" = "dev"
        }
      + unique_id             = (known after apply)

      + inline_policy (known after apply)
    }

  # module.eks_blueprints_addons.module.karpenter.aws_iam_role_policy_attachment.this[0] will be created
  + resource "aws_iam_role_policy_attachment" "this" {
      + id         = (known after apply)
      + policy_arn = (known after apply)
      + role       = (known after apply)
    }

  # module.eks_blueprints_addons.module.karpenter.helm_release.this[0] will be created
  + resource "helm_release" "this" {
      + atomic                     = false
      + chart                      = "karpenter"
      + cleanup_on_fail            = false
      + create_namespace           = true
      + dependency_update          = false
      + description                = "A Helm chart to deploy Karpenter"
      + disable_crd_hooks          = false
      + disable_openapi_validation = false
      + disable_webhooks           = false
      + force_update               = false
      + id                         = (known after apply)
      + lint                       = false
      + manifest                   = (known after apply)
      + max_history                = 0
      + metadata                   = (known after apply)
      + name                       = "karpenter"
      + namespace                  = "karpenter"
      + pass_credentials           = false
      + recreate_pods              = false
      + render_subchart_notes      = true
      + replace                    = false
      + repository                 = "oci://public.ecr.aws/karpenter"
      + reset_values               = false
      + reuse_values               = false
      + skip_crds                  = false
      + status                     = "deployed"
      + timeout                    = 300
      + values                     = []
      + verify                     = false
      + version                    = "0.37.0"
      + wait                       = false
      + wait_for_jobs              = false

      + set (known after apply)
    }

  # module.eks_blueprints_addons.module.karpenter_sqs.data.aws_iam_policy_document.this[0] will be read during apply
  # (config refers to values not yet known)
 <= data "aws_iam_policy_document" "this" {
      + id                        = (known after apply)
      + json                      = (known after apply)
      + minified_json             = (known after apply)
      + override_policy_documents = []
      + source_policy_documents   = []

      + statement {
          + actions   = [
              + "sqs:SendMessage",
            ]
          + resources = (known after apply)
          + sid       = "SendEventsToQueue"

          + principals {
              + identifiers = [
                  + "events.amazonaws.com",
                  + "sqs.amazonaws.com",
                ]
              + type        = "Service"
            }
        }
    }

  # module.eks_blueprints_addons.module.karpenter_sqs.aws_sqs_queue.this[0] will be created
  + resource "aws_sqs_queue" "this" {
      + arn                               = (known after apply)
      + content_based_deduplication       = false
      + deduplication_scope               = (known after apply)
      + delay_seconds                     = 0
      + fifo_queue                        = false
      + fifo_throughput_limit             = (known after apply)
      + id                                = (known after apply)
      + kms_data_key_reuse_period_seconds = 0
      + max_message_size                  = 262144
      + message_retention_seconds         = 300
      + name                              = "karpenter-tf-eks-cluster"
      + name_prefix                       = (known after apply)
      + policy                            = (known after apply)
      + receive_wait_time_seconds         = 0
      + redrive_allow_policy              = (known after apply)
      + redrive_policy                    = (known after apply)
      + sqs_managed_sse_enabled           = true
      + tags                              = {
          + "Environment" = "dev"
        }
      + tags_all                          = {
          + "Environment" = "dev"
        }
      + url                               = (known after apply)
      + visibility_timeout_seconds        = 30
    }

  # module.eks_blueprints_addons.module.karpenter_sqs.aws_sqs_queue_policy.this[0] will be created
  + resource "aws_sqs_queue_policy" "this" {
      + id        = (known after apply)
      + policy    = (known after apply)
      + queue_url = (known after apply)
    }

  # module.eks_blueprints_addons.module.kube_prometheus_stack.helm_release.this[0] will be created
  + resource "helm_release" "this" {
      + atomic                     = false
      + chart                      = "kube-prometheus-stack"
      + cleanup_on_fail            = false
      + create_namespace           = true
      + dependency_update          = false
      + description                = "A Helm chart to install the Kube Prometheus Stack"
      + disable_crd_hooks          = false
      + disable_openapi_validation = false
      + disable_webhooks           = false
      + force_update               = false
      + id                         = (known after apply)
      + lint                       = false
      + manifest                   = (known after apply)
      + max_history                = 0
      + metadata                   = (known after apply)
      + name                       = "kube-prometheus-stack"
      + namespace                  = "kube-prometheus-stack"
      + pass_credentials           = false
      + recreate_pods              = false
      + render_subchart_notes      = true
      + replace                    = false
      + repository                 = "https://prometheus-community.github.io/helm-charts"
      + reset_values               = false
      + reuse_values               = false
      + skip_crds                  = false
      + status                     = "deployed"
      + timeout                    = 300
      + values                     = []
      + verify                     = false
      + version                    = "48.2.3"
      + wait                       = false
      + wait_for_jobs              = false
    }

  # module.eks_blueprints_addons.module.metrics_server.helm_release.this[0] will be created
  + resource "helm_release" "this" {
      + atomic                     = false
      + chart                      = "metrics-server"
      + cleanup_on_fail            = false
      + create_namespace           = false
      + dependency_update          = false
      + description                = "A Helm chart to install the Metrics Server"
      + disable_crd_hooks          = false
      + disable_openapi_validation = false
      + disable_webhooks           = false
      + force_update               = false
      + id                         = (known after apply)
      + lint                       = false
      + manifest                   = (known after apply)
      + max_history                = 0
      + metadata                   = (known after apply)
      + name                       = "metrics-server"
      + namespace                  = "kube-system"
      + pass_credentials           = false
      + recreate_pods              = false
      + render_subchart_notes      = true
      + replace                    = false
      + repository                 = "https://kubernetes-sigs.github.io/metrics-server/"
      + reset_values               = false
      + reuse_values               = false
      + skip_crds                  = false
      + status                     = "deployed"
      + timeout                    = 300
      + values                     = []
      + verify                     = false
      + version                    = "3.12.0"
      + wait                       = false
      + wait_for_jobs              = false
    }

Plan: 80 to add, 0 to change, 0 to destroy.

Changes to Outputs:
  + bastion_public_ip = (known after apply)
  + rds_endpoint      = "rds.tf.private.com"
